// !$*UTF8*$!
{
	archiveVersion = 1;
	classes = {
	};
	objectVersion = 46;
	objects = {

/* Begin PBXBuildFile section */
		2181999D18DB2F6500C82B8E /* PSUser.m in Sources */ = {isa = PBXBuildFile; fileRef = 2181999C18DB2F6500C82B8E /* PSUser.m */; };
		218199A018DB32BB00C82B8E /* PSBloodSugar.m in Sources */ = {isa = PBXBuildFile; fileRef = 2181999F18DB32BB00C82B8E /* PSBloodSugar.m */; };
		218199A318DB32F300C82B8E /* PSBloodPressure.m in Sources */ = {isa = PBXBuildFile; fileRef = 218199A218DB32F300C82B8E /* PSBloodPressure.m */; };
		218199A618DB332300C82B8E /* PSWeight.m in Sources */ = {isa = PBXBuildFile; fileRef = 218199A518DB332300C82B8E /* PSWeight.m */; };
		218199A918DB333300C82B8E /* PSJournal.m in Sources */ = {isa = PBXBuildFile; fileRef = 218199A818DB333300C82B8E /* PSJournal.m */; };
		218199AC18DB334100C82B8E /* PSHeartRate.m in Sources */ = {isa = PBXBuildFile; fileRef = 218199AB18DB334100C82B8E /* PSHeartRate.m */; };
		868272D418D731E30031F5F5 /* Foundation.framework in Frameworks */ = {isa = PBXBuildFile; fileRef = 868272D318D731E30031F5F5 /* Foundation.framework */; };
		868272D618D731E30031F5F5 /* CoreGraphics.framework in Frameworks */ = {isa = PBXBuildFile; fileRef = 868272D518D731E30031F5F5 /* CoreGraphics.framework */; };
		868272D818D731E30031F5F5 /* UIKit.framework in Frameworks */ = {isa = PBXBuildFile; fileRef = 868272D718D731E30031F5F5 /* UIKit.framework */; };
		868272DE18D731E30031F5F5 /* InfoPlist.strings in Resources */ = {isa = PBXBuildFile; fileRef = 868272DC18D731E30031F5F5 /* InfoPlist.strings */; };
		868272E018D731E30031F5F5 /* main.m in Sources */ = {isa = PBXBuildFile; fileRef = 868272DF18D731E30031F5F5 /* main.m */; };
		868272E418D731E30031F5F5 /* PSAppDelegate.m in Sources */ = {isa = PBXBuildFile; fileRef = 868272E318D731E30031F5F5 /* PSAppDelegate.m */; };
		868272E718D731E30031F5F5 /* Main.storyboard in Resources */ = {isa = PBXBuildFile; fileRef = 868272E518D731E30031F5F5 /* Main.storyboard */; };
		868272EA18D731E30031F5F5 /* PSViewController.m in Sources */ = {isa = PBXBuildFile; fileRef = 868272E918D731E30031F5F5 /* PSViewController.m */; };
		868272EC18D731E30031F5F5 /* Images.xcassets in Resources */ = {isa = PBXBuildFile; fileRef = 868272EB18D731E30031F5F5 /* Images.xcassets */; };
		868272F318D731E30031F5F5 /* XCTest.framework in Frameworks */ = {isa = PBXBuildFile; fileRef = 868272F218D731E30031F5F5 /* XCTest.framework */; };
		868272F418D731E30031F5F5 /* Foundation.framework in Frameworks */ = {isa = PBXBuildFile; fileRef = 868272D318D731E30031F5F5 /* Foundation.framework */; };
		868272F518D731E30031F5F5 /* UIKit.framework in Frameworks */ = {isa = PBXBuildFile; fileRef = 868272D718D731E30031F5F5 /* UIKit.framework */; };
		868272FD18D731E30031F5F5 /* InfoPlist.strings in Resources */ = {isa = PBXBuildFile; fileRef = 868272FB18D731E30031F5F5 /* InfoPlist.strings */; };
		868272FF18D731E30031F5F5 /* healthIOTests.m in Sources */ = {isa = PBXBuildFile; fileRef = 868272FE18D731E30031F5F5 /* healthIOTests.m */; };
		8682730918D7326F0031F5F5 /* libsqlite3.dylib in Frameworks */ = {isa = PBXBuildFile; fileRef = 8682730818D7326F0031F5F5 /* libsqlite3.dylib */; };
		8682730C18D732A20031F5F5 /* PSDabaseManager.m in Sources */ = {isa = PBXBuildFile; fileRef = 8682730B18D732A20031F5F5 /* PSDabaseManager.m */; };
/* End PBXBuildFile section */

/* Begin PBXContainerItemProxy section */
		868272F618D731E30031F5F5 /* PBXContainerItemProxy */ = {
			isa = PBXContainerItemProxy;
			containerPortal = 868272C818D731E30031F5F5 /* Project object */;
			proxyType = 1;
			remoteGlobalIDString = 868272CF18D731E30031F5F5;
			remoteInfo = healthIO;
		};
/* End PBXContainerItemProxy section */

/* Begin PBXFileReference section */
		2181999B18DB2F6500C82B8E /* PSUser.h */ = {isa = PBXFileReference; fileEncoding = 4; lastKnownFileType = sourcecode.c.h; path = PSUser.h; sourceTree = "<group>"; };
		2181999C18DB2F6500C82B8E /* PSUser.m */ = {isa = PBXFileReference; fileEncoding = 4; lastKnownFileType = sourcecode.c.objc; path = PSUser.m; sourceTree = "<group>"; };
		2181999E18DB32BB00C82B8E /* PSBloodSugar.h */ = {isa = PBXFileReference; fileEncoding = 4; lastKnownFileType = sourcecode.c.h; path = PSBloodSugar.h; sourceTree = "<group>"; };
		2181999F18DB32BB00C82B8E /* PSBloodSugar.m */ = {isa = PBXFileReference; fileEncoding = 4; lastKnownFileType = sourcecode.c.objc; path = PSBloodSugar.m; sourceTree = "<group>"; };
		218199A118DB32F300C82B8E /* PSBloodPressure.h */ = {isa = PBXFileReference; fileEncoding = 4; lastKnownFileType = sourcecode.c.h; path = PSBloodPressure.h; sourceTree = "<group>"; };
		218199A218DB32F300C82B8E /* PSBloodPressure.m */ = {isa = PBXFileReference; fileEncoding = 4; lastKnownFileType = sourcecode.c.objc; path = PSBloodPressure.m; sourceTree = "<group>"; };
		218199A418DB332300C82B8E /* PSWeight.h */ = {isa = PBXFileReference; fileEncoding = 4; lastKnownFileType = sourcecode.c.h; path = PSWeight.h; sourceTree = "<group>"; };
		218199A518DB332300C82B8E /* PSWeight.m */ = {isa = PBXFileReference; fileEncoding = 4; lastKnownFileType = sourcecode.c.objc; path = PSWeight.m; sourceTree = "<group>"; };
		218199A718DB333300C82B8E /* PSJournal.h */ = {isa = PBXFileReference; fileEncoding = 4; lastKnownFileType = sourcecode.c.h; path = PSJournal.h; sourceTree = "<group>"; };
		218199A818DB333300C82B8E /* PSJournal.m */ = {isa = PBXFileReference; fileEncoding = 4; lastKnownFileType = sourcecode.c.objc; path = PSJournal.m; sourceTree = "<group>"; };
		218199AA18DB334100C82B8E /* PSHeartRate.h */ = {isa = PBXFileReference; fileEncoding = 4; lastKnownFileType = sourcecode.c.h; path = PSHeartRate.h; sourceTree = "<group>"; };
		218199AB18DB334100C82B8E /* PSHeartRate.m */ = {isa = PBXFileReference; fileEncoding = 4; lastKnownFileType = sourcecode.c.objc; path = PSHeartRate.m; sourceTree = "<group>"; };
		868272D018D731E30031F5F5 /* healthIO.app */ = {isa = PBXFileReference; explicitFileType = wrapper.application; includeInIndex = 0; path = healthIO.app; sourceTree = BUILT_PRODUCTS_DIR; };
		868272D318D731E30031F5F5 /* Foundation.framework */ = {isa = PBXFileReference; lastKnownFileType = wrapper.framework; name = Foundation.framework; path = System/Library/Frameworks/Foundation.framework; sourceTree = SDKROOT; };
		868272D518D731E30031F5F5 /* CoreGraphics.framework */ = {isa = PBXFileReference; lastKnownFileType = wrapper.framework; name = CoreGraphics.framework; path = System/Library/Frameworks/CoreGraphics.framework; sourceTree = SDKROOT; };
		868272D718D731E30031F5F5 /* UIKit.framework */ = {isa = PBXFileReference; lastKnownFileType = wrapper.framework; name = UIKit.framework; path = System/Library/Frameworks/UIKit.framework; sourceTree = SDKROOT; };
		868272DB18D731E30031F5F5 /* healthIO-Info.plist */ = {isa = PBXFileReference; lastKnownFileType = text.plist.xml; path = "healthIO-Info.plist"; sourceTree = "<group>"; };
		868272DD18D731E30031F5F5 /* en */ = {isa = PBXFileReference; lastKnownFileType = text.plist.strings; name = en; path = en.lproj/InfoPlist.strings; sourceTree = "<group>"; };
		868272DF18D731E30031F5F5 /* main.m */ = {isa = PBXFileReference; lastKnownFileType = sourcecode.c.objc; path = main.m; sourceTree = "<group>"; };
		868272E118D731E30031F5F5 /* healthIO-Prefix.pch */ = {isa = PBXFileReference; lastKnownFileType = sourcecode.c.h; path = "healthIO-Prefix.pch"; sourceTree = "<group>"; };
		868272E218D731E30031F5F5 /* PSAppDelegate.h */ = {isa = PBXFileReference; lastKnownFileType = sourcecode.c.h; path = PSAppDelegate.h; sourceTree = "<group>"; };
		868272E318D731E30031F5F5 /* PSAppDelegate.m */ = {isa = PBXFileReference; lastKnownFileType = sourcecode.c.objc; path = PSAppDelegate.m; sourceTree = "<group>"; };
		868272E618D731E30031F5F5 /* Base */ = {isa = PBXFileReference; lastKnownFileType = file.storyboard; name = Base; path = Base.lproj/Main.storyboard; sourceTree = "<group>"; };
		868272E818D731E30031F5F5 /* PSViewController.h */ = {isa = PBXFileReference; lastKnownFileType = sourcecode.c.h; path = PSViewController.h; sourceTree = "<group>"; };
		868272E918D731E30031F5F5 /* PSViewController.m */ = {isa = PBXFileReference; lastKnownFileType = sourcecode.c.objc; path = PSViewController.m; sourceTree = "<group>"; };
		868272EB18D731E30031F5F5 /* Images.xcassets */ = {isa = PBXFileReference; lastKnownFileType = folder.assetcatalog; path = Images.xcassets; sourceTree = "<group>"; };
		868272F118D731E30031F5F5 /* healthIOTests.xctest */ = {isa = PBXFileReference; explicitFileType = wrapper.cfbundle; includeInIndex = 0; path = healthIOTests.xctest; sourceTree = BUILT_PRODUCTS_DIR; };
		868272F218D731E30031F5F5 /* XCTest.framework */ = {isa = PBXFileReference; lastKnownFileType = wrapper.framework; name = XCTest.framework; path = Library/Frameworks/XCTest.framework; sourceTree = DEVELOPER_DIR; };
		868272FA18D731E30031F5F5 /* healthIOTests-Info.plist */ = {isa = PBXFileReference; lastKnownFileType = text.plist.xml; path = "healthIOTests-Info.plist"; sourceTree = "<group>"; };
		868272FC18D731E30031F5F5 /* en */ = {isa = PBXFileReference; lastKnownFileType = text.plist.strings; name = en; path = en.lproj/InfoPlist.strings; sourceTree = "<group>"; };
		868272FE18D731E30031F5F5 /* healthIOTests.m */ = {isa = PBXFileReference; lastKnownFileType = sourcecode.c.objc; path = healthIOTests.m; sourceTree = "<group>"; };
		8682730818D7326F0031F5F5 /* libsqlite3.dylib */ = {isa = PBXFileReference; lastKnownFileType = "compiled.mach-o.dylib"; name = libsqlite3.dylib; path = usr/lib/libsqlite3.dylib; sourceTree = SDKROOT; };
		8682730A18D732A20031F5F5 /* PSDabaseManager.h */ = {isa = PBXFileReference; fileEncoding = 4; lastKnownFileType = sourcecode.c.h; path = PSDabaseManager.h; sourceTree = "<group>"; };
		8682730B18D732A20031F5F5 /* PSDabaseManager.m */ = {isa = PBXFileReference; fileEncoding = 4; lastKnownFileType = sourcecode.c.objc; path = PSDabaseManager.m; sourceTree = "<group>"; };
/* End PBXFileReference section */

/* Begin PBXFrameworksBuildPhase section */
		868272CD18D731E30031F5F5 /* Frameworks */ = {
			isa = PBXFrameworksBuildPhase;
			buildActionMask = 2147483647;
			files = (
				8682730918D7326F0031F5F5 /* libsqlite3.dylib in Frameworks */,
				868272D618D731E30031F5F5 /* CoreGraphics.framework in Frameworks */,
				868272D818D731E30031F5F5 /* UIKit.framework in Frameworks */,
				868272D418D731E30031F5F5 /* Foundation.framework in Frameworks */,
			);
			runOnlyForDeploymentPostprocessing = 0;
		};
		868272EE18D731E30031F5F5 /* Frameworks */ = {
			isa = PBXFrameworksBuildPhase;
			buildActionMask = 2147483647;
			files = (
				868272F318D731E30031F5F5 /* XCTest.framework in Frameworks */,
				868272F518D731E30031F5F5 /* UIKit.framework in Frameworks */,
				868272F418D731E30031F5F5 /* Foundation.framework in Frameworks */,
			);
			runOnlyForDeploymentPostprocessing = 0;
		};
/* End PBXFrameworksBuildPhase section */

/* Begin PBXGroup section */
		868272C718D731E30031F5F5 = {
			isa = PBXGroup;
			children = (
				8682730D18D732A90031F5F5 /* DBModel */,
				868272D918D731E30031F5F5 /* healthIO */,
				868272F818D731E30031F5F5 /* healthIOTests */,
				868272D218D731E30031F5F5 /* Frameworks */,
				868272D118D731E30031F5F5 /* Products */,
			);
			sourceTree = "<group>";
		};
		868272D118D731E30031F5F5 /* Products */ = {
			isa = PBXGroup;
			children = (
				868272D018D731E30031F5F5 /* healthIO.app */,
				868272F118D731E30031F5F5 /* healthIOTests.xctest */,
			);
			name = Products;
			sourceTree = "<group>";
		};
		868272D218D731E30031F5F5 /* Frameworks */ = {
			isa = PBXGroup;
			children = (
				8682730818D7326F0031F5F5 /* libsqlite3.dylib */,
				868272D318D731E30031F5F5 /* Foundation.framework */,
				868272D518D731E30031F5F5 /* CoreGraphics.framework */,
				868272D718D731E30031F5F5 /* UIKit.framework */,
				868272F218D731E30031F5F5 /* XCTest.framework */,
			);
			name = Frameworks;
			sourceTree = "<group>";
		};
		868272D918D731E30031F5F5 /* healthIO */ = {
			isa = PBXGroup;
			children = (
				868272E218D731E30031F5F5 /* PSAppDelegate.h */,
				868272E318D731E30031F5F5 /* PSAppDelegate.m */,
				868272E518D731E30031F5F5 /* Main.storyboard */,
				868272E818D731E30031F5F5 /* PSViewController.h */,
				868272E918D731E30031F5F5 /* PSViewController.m */,
				868272EB18D731E30031F5F5 /* Images.xcassets */,
				868272DA18D731E30031F5F5 /* Supporting Files */,
				2181999B18DB2F6500C82B8E /* PSUser.h */,
				2181999C18DB2F6500C82B8E /* PSUser.m */,
			);
			path = healthIO;
			sourceTree = "<group>";
		};
		868272DA18D731E30031F5F5 /* Supporting Files */ = {
			isa = PBXGroup;
			children = (
				868272DB18D731E30031F5F5 /* healthIO-Info.plist */,
				868272DC18D731E30031F5F5 /* InfoPlist.strings */,
				868272DF18D731E30031F5F5 /* main.m */,
				868272E118D731E30031F5F5 /* healthIO-Prefix.pch */,
				2181999E18DB32BB00C82B8E /* PSBloodSugar.h */,
				2181999F18DB32BB00C82B8E /* PSBloodSugar.m */,
				218199A118DB32F300C82B8E /* PSBloodPressure.h */,
				218199A218DB32F300C82B8E /* PSBloodPressure.m */,
				218199A418DB332300C82B8E /* PSWeight.h */,
				218199A518DB332300C82B8E /* PSWeight.m */,
				218199A718DB333300C82B8E /* PSJournal.h */,
				218199A818DB333300C82B8E /* PSJournal.m */,
				218199AA18DB334100C82B8E /* PSHeartRate.h */,
				218199AB18DB334100C82B8E /* PSHeartRate.m */,
			);
			name = "Supporting Files";
			sourceTree = "<group>";
		};
		868272F818D731E30031F5F5 /* healthIOTests */ = {
			isa = PBXGroup;
			children = (
				868272FE18D731E30031F5F5 /* healthIOTests.m */,
				868272F918D731E30031F5F5 /* Supporting Files */,
			);
			path = healthIOTests;
			sourceTree = "<group>";
		};
		868272F918D731E30031F5F5 /* Supporting Files */ = {
			isa = PBXGroup;
			children = (
				868272FA18D731E30031F5F5 /* healthIOTests-Info.plist */,
				868272FB18D731E30031F5F5 /* InfoPlist.strings */,
			);
			name = "Supporting Files";
			sourceTree = "<group>";
		};
		8682730D18D732A90031F5F5 /* DBModel */ = {
			isa = PBXGroup;
			children = (
				8682730B18D732A20031F5F5 /* PSDabaseManager.m */,
				8682730A18D732A20031F5F5 /* PSDabaseManager.h */,
			);
			name = DBModel;
			sourceTree = "<group>";
		};
/* End PBXGroup section */

/* Begin PBXNativeTarget section */
		868272CF18D731E30031F5F5 /* healthIO */ = {
			isa = PBXNativeTarget;
			buildConfigurationList = 8682730218D731E30031F5F5 /* Build configuration list for PBXNativeTarget "healthIO" */;
			buildPhases = (
				868272CC18D731E30031F5F5 /* Sources */,
				868272CD18D731E30031F5F5 /* Frameworks */,
				868272CE18D731E30031F5F5 /* Resources */,
			);
			buildRules = (
			);
			dependencies = (
			);
			name = healthIO;
			productName = healthIO;
			productReference = 868272D018D731E30031F5F5 /* healthIO.app */;
			productType = "com.apple.product-type.application";
		};
		868272F018D731E30031F5F5 /* healthIOTests */ = {
			isa = PBXNativeTarget;
			buildConfigurationList = 8682730518D731E30031F5F5 /* Build configuration list for PBXNativeTarget "healthIOTests" */;
			buildPhases = (
				868272ED18D731E30031F5F5 /* Sources */,
				868272EE18D731E30031F5F5 /* Frameworks */,
				868272EF18D731E30031F5F5 /* Resources */,
			);
			buildRules = (
			);
			dependencies = (
				868272F718D731E30031F5F5 /* PBXTargetDependency */,
			);
			name = healthIOTests;
			productName = healthIOTests;
			productReference = 868272F118D731E30031F5F5 /* healthIOTests.xctest */;
			productType = "com.apple.product-type.bundle.unit-test";
		};
/* End PBXNativeTarget section */

/* Begin PBXProject section */
		868272C818D731E30031F5F5 /* Project object */ = {
			isa = PBXProject;
			attributes = {
				CLASSPREFIX = PS;
				LastUpgradeCheck = 0510;
				ORGANIZATIONNAME = "Pinak Saha";
				TargetAttributes = {
					868272F018D731E30031F5F5 = {
						TestTargetID = 868272CF18D731E30031F5F5;
					};
				};
			};
			buildConfigurationList = 868272CB18D731E30031F5F5 /* Build configuration list for PBXProject "healthIO" */;
			compatibilityVersion = "Xcode 3.2";
			developmentRegion = English;
			hasScannedForEncodings = 0;
			knownRegions = (
				en,
				Base,
			);
			mainGroup = 868272C718D731E30031F5F5;
			productRefGroup = 868272D118D731E30031F5F5 /* Products */;
			projectDirPath = "";
			projectRoot = "";
			targets = (
				868272CF18D731E30031F5F5 /* healthIO */,
				868272F018D731E30031F5F5 /* healthIOTests */,
			);
		};
/* End PBXProject section */

/* Begin PBXResourcesBuildPhase section */
		868272CE18D731E30031F5F5 /* Resources */ = {
			isa = PBXResourcesBuildPhase;
			buildActionMask = 2147483647;
			files = (
				868272EC18D731E30031F5F5 /* Images.xcassets in Resources */,
				868272DE18D731E30031F5F5 /* InfoPlist.strings in Resources */,
				868272E718D731E30031F5F5 /* Main.storyboard in Resources */,
			);
			runOnlyForDeploymentPostprocessing = 0;
		};
		868272EF18D731E30031F5F5 /* Resources */ = {
			isa = PBXResourcesBuildPhase;
			buildActionMask = 2147483647;
			files = (
				868272FD18D731E30031F5F5 /* InfoPlist.strings in Resources */,
			);
			runOnlyForDeploymentPostprocessing = 0;
		};
/* End PBXResourcesBuildPhase section */

/* Begin PBXSourcesBuildPhase section */
		868272CC18D731E30031F5F5 /* Sources */ = {
			isa = PBXSourcesBuildPhase;
			buildActionMask = 2147483647;
			files = (
				218199A618DB332300C82B8E /* PSWeight.m in Sources */,
				868272E018D731E30031F5F5 /* main.m in Sources */,
				868272EA18D731E30031F5F5 /* PSViewController.m in Sources */,
				8682730C18D732A20031F5F5 /* PSDabaseManager.m in Sources */,
				868272E418D731E30031F5F5 /* PSAppDelegate.m in Sources */,
				218199A318DB32F300C82B8E /* PSBloodPressure.m in Sources */,
				218199A018DB32BB00C82B8E /* PSBloodSugar.m in Sources */,
				218199AC18DB334100C82B8E /* PSHeartRate.m in Sources */,
				2181999D18DB2F6500C82B8E /* PSUser.m in Sources */,
				218199A918DB333300C82B8E /* PSJournal.m in Sources */,
			);
			runOnlyForDeploymentPostprocessing = 0;
		};
		868272ED18D731E30031F5F5 /* Sources */ = {
			isa = PBXSourcesBuildPhase;
			buildActionMask = 2147483647;
			files = (
				868272FF18D731E30031F5F5 /* healthIOTests.m in Sources */,
			);
			runOnlyForDeploymentPostprocessing = 0;
		};
/* End PBXSourcesBuildPhase section */

/* Begin PBXTargetDependency section */
		868272F718D731E30031F5F5 /* PBXTargetDependency */ = {
			isa = PBXTargetDependency;
			target = 868272CF18D731E30031F5F5 /* healthIO */;
			targetProxy = 868272F618D731E30031F5F5 /* PBXContainerItemProxy */;
		};
/* End PBXTargetDependency section */

/* Begin PBXVariantGroup section */
		868272DC18D731E30031F5F5 /* InfoPlist.strings */ = {
			isa = PBXVariantGroup;
			children = (
				868272DD18D731E30031F5F5 /* en */,
			);
			name = InfoPlist.strings;
			sourceTree = "<group>";
		};
		868272E518D731E30031F5F5 /* Main.storyboard */ = {
			isa = PBXVariantGroup;
			children = (
				868272E618D731E30031F5F5 /* Base */,
			);
			name = Main.storyboard;
			sourceTree = "<group>";
		};
		868272FB18D731E30031F5F5 /* InfoPlist.strings */ = {
			isa = PBXVariantGroup;
			children = (
				868272FC18D731E30031F5F5 /* en */,
			);
			name = InfoPlist.strings;
			sourceTree = "<group>";
		};
/* End PBXVariantGroup section */

/* Begin XCBuildConfiguration section */
		8682730018D731E30031F5F5 /* Debug */ = {
			isa = XCBuildConfiguration;
			buildSettings = {
				ALWAYS_SEARCH_USER_PATHS = NO;
				CLANG_CXX_LANGUAGE_STANDARD = "gnu++0x";
				CLANG_CXX_LIBRARY = "libc++";
				CLANG_ENABLE_MODULES = YES;
				CLANG_ENABLE_OBJC_ARC = YES;
				CLANG_WARN_BOOL_CONVERSION = YES;
				CLANG_WARN_CONSTANT_CONVERSION = YES;
				CLANG_WARN_DIRECT_OBJC_ISA_USAGE = YES_ERROR;
				CLANG_WARN_EMPTY_BODY = YES;
				CLANG_WARN_ENUM_CONVERSION = YES;
				CLANG_WARN_INT_CONVERSION = YES;
				CLANG_WARN_OBJC_ROOT_CLASS = YES_ERROR;
				CLANG_WARN__DUPLICATE_METHOD_MATCH = YES;
				"CODE_SIGN_IDENTITY[sdk=iphoneos*]" = "iPhone Developer";
				COPY_PHASE_STRIP = NO;
				GCC_C_LANGUAGE_STANDARD = gnu99;
				GCC_DYNAMIC_NO_PIC = NO;
				GCC_OPTIMIZATION_LEVEL = 0;
				GCC_PREPROCESSOR_DEFINITIONS = (
					"DEBUG=1",
					"$(inherited)",
				);
				GCC_SYMBOLS_PRIVATE_EXTERN = NO;
				GCC_WARN_64_TO_32_BIT_CONVERSION = YES;
				GCC_WARN_ABOUT_RETURN_TYPE = YES_ERROR;
				GCC_WARN_UNDECLARED_SELECTOR = YES;
				GCC_WARN_UNINITIALIZED_AUTOS = YES_AGGRESSIVE;
				GCC_WARN_UNUSED_FUNCTION = YES;
				GCC_WARN_UNUSED_VARIABLE = YES;
				IPHONEOS_DEPLOYMENT_TARGET = 7.1;
				ONLY_ACTIVE_ARCH = YES;
				SDKROOT = iphoneos;
			};
			name = Debug;
		};
		8682730118D731E30031F5F5 /* Release */ = {
			isa = XCBuildConfiguration;
			buildSettings = {
				ALWAYS_SEARCH_USER_PATHS = NO;
				CLANG_CXX_LANGUAGE_STANDARD = "gnu++0x";
				CLANG_CXX_LIBRARY = "libc++";
				CLANG_ENABLE_MODULES = YES;
				CLANG_ENABLE_OBJC_ARC = YES;
				CLANG_WARN_BOOL_CONVERSION = YES;
				CLANG_WARN_CONSTANT_CONVERSION = YES;
				CLANG_WARN_DIRECT_OBJC_ISA_USAGE = YES_ERROR;
				CLANG_WARN_EMPTY_BODY = YES;
				CLANG_WARN_ENUM_CONVERSION = YES;
				CLANG_WARN_INT_CONVERSION = YES;
				CLANG_WARN_OBJC_ROOT_CLASS = YES_ERROR;
				CLANG_WARN__DUPLICATE_METHOD_MATCH = YES;
				"CODE_SIGN_IDENTITY[sdk=iphoneos*]" = "iPhone Developer";
				COPY_PHASE_STRIP = YES;
				ENABLE_NS_ASSERTIONS = NO;
				GCC_C_LANGUAGE_STANDARD = gnu99;
				GCC_WARN_64_TO_32_BIT_CONVERSION = YES;
				GCC_WARN_ABOUT_RETURN_TYPE = YES_ERROR;
				GCC_WARN_UNDECLARED_SELECTOR = YES;
				GCC_WARN_UNINITIALIZED_AUTOS = YES_AGGRESSIVE;
				GCC_WARN_UNUSED_FUNCTION = YES;
				GCC_WARN_UNUSED_VARIABLE = YES;
				IPHONEOS_DEPLOYMENT_TARGET = 7.1;
				SDKROOT = iphoneos;
				VALIDATE_PRODUCT = YES;
			};
			name = Release;
		};
		8682730318D731E30031F5F5 /* Debug */ = {
			isa = XCBuildConfiguration;
			buildSettings = {
				ASSETCATALOG_COMPILER_APPICON_NAME = AppIcon;
				ASSETCATALOG_COMPILER_LAUNCHIMAGE_NAME = LaunchImage;
				GCC_PRECOMPILE_PREFIX_HEADER = YES;
				GCC_PREFIX_HEADER = "healthIO/healthIO-Prefix.pch";
				INFOPLIST_FILE = "healthIO/healthIO-Info.plist";
				PRODUCT_NAME = "$(TARGET_NAME)";
				WRAPPER_EXTENSION = app;
			};
			name = Debug;
		};
		8682730418D731E30031F5F5 /* Release */ = {
			isa = XCBuildConfiguration;
			buildSettings = {
				ASSETCATALOG_COMPILER_APPICON_NAME = AppIcon;
				ASSETCATALOG_COMPILER_LAUNCHIMAGE_NAME = LaunchImage;
				GCC_PRECOMPILE_PREFIX_HEADER = YES;
				GCC_PREFIX_HEADER = "healthIO/healthIO-Prefix.pch";
				INFOPLIST_FILE = "healthIO/healthIO-Info.plist";
				PRODUCT_NAME = "$(TARGET_NAME)";
				WRAPPER_EXTENSION = app;
			};
			name = Release;
		};
		8682730618D731E30031F5F5 /* Debug */ = {
			isa = XCBuildConfiguration;
			buildSettings = {
				BUNDLE_LOADER = "$(BUILT_PRODUCTS_DIR)/healthIO.app/healthIO";
				FRAMEWORK_SEARCH_PATHS = (
					"$(SDKROOT)/Developer/Library/Frameworks",
					"$(inherited)",
					"$(DEVELOPER_FRAMEWORKS_DIR)",
				);
				GCC_PRECOMPILE_PREFIX_HEADER = YES;
				GCC_PREFIX_HEADER = "healthIO/healthIO-Prefix.pch";
				GCC_PREPROCESSOR_DEFINITIONS = (
					"DEBUG=1",
					"$(inherited)",
				);
				INFOPLIST_FILE = "healthIOTests/healthIOTests-Info.plist";
				PRODUCT_NAME = "$(TARGET_NAME)";
				TEST_HOST = "$(BUNDLE_LOADER)";
				WRAPPER_EXTENSION = xctest;
			};
			name = Debug;
		};
		8682730718D731E30031F5F5 /* Release */ = {
			isa = XCBuildConfiguration;
			buildSettings = {
				BUNDLE_LOADER = "$(BUILT_PRODUCTS_DIR)/healthIO.app/healthIO";
				FRAMEWORK_SEARCH_PATHS = (
					"$(SDKROOT)/Developer/Library/Frameworks",
					"$(inherited)",
					"$(DEVELOPER_FRAMEWORKS_DIR)",
				);
				GCC_PRECOMPILE_PREFIX_HEADER = YES;
				GCC_PREFIX_HEADER = "healthIO/healthIO-Prefix.pch";
				INFOPLIST_FILE = "healthIOTests/healthIOTests-Info.plist";
				PRODUCT_NAME = "$(TARGET_NAME)";
				TEST_HOST = "$(BUNDLE_LOADER)";
				WRAPPER_EXTENSION = xctest;
			};
			name = Release;
		};
/* End XCBuildConfiguration section */

/* Begin XCConfigurationList section */
		868272CB18D731E30031F5F5 /* Build configuration list for PBXProject "healthIO" */ = {
			isa = XCConfigurationList;
			buildConfigurations = (
				8682730018D731E30031F5F5 /* Debug */,
				8682730118D731E30031F5F5 /* Release */,
			);
			defaultConfigurationIsVisible = 0;
			defaultConfigurationName = Release;
		};
		8682730218D731E30031F5F5 /* Build configuration list for PBXNativeTarget "healthIO" */ = {
			isa = XCConfigurationList;
			buildConfigurations = (
				8682730318D731E30031F5F5 /* Debug */,
				8682730418D731E30031F5F5 /* Release */,
			);
			defaultConfigurationIsVisible = 0;
			defaultConfigurationName = Release;
		};
		8682730518D731E30031F5F5 /* Build configuration list for PBXNativeTarget "healthIOTests" */ = {
			isa = XCConfigurationList;
			buildConfigurations = (
				8682730618D731E30031F5F5 /* Debug */,
				8682730718D731E30031F5F5 /* Release */,
			);
			defaultConfigurationIsVisible = 0;
			defaultConfigurationName = Release;
		};
/* End XCConfigurationList section */
	};
	rootObject = 868272C818D731E30031F5F5 /* Project object */;
}
