// !$*UTF8*$!
{
	archiveVersion = 1;
	classes = {
	};
	objectVersion = 46;
	objects = {

/* Begin PBXBuildFile section */
		21579FB418D731E600CDFC7C /* Foundation.framework in Frameworks */ = {isa = PBXBuildFile; fileRef = 21579FB318D731E600CDFC7C /* Foundation.framework */; };
		21579FB618D731E600CDFC7C /* CoreGraphics.framework in Frameworks */ = {isa = PBXBuildFile; fileRef = 21579FB518D731E600CDFC7C /* CoreGraphics.framework */; };
		21579FB818D731E600CDFC7C /* UIKit.framework in Frameworks */ = {isa = PBXBuildFile; fileRef = 21579FB718D731E600CDFC7C /* UIKit.framework */; };
		21579FBE18D731E600CDFC7C /* InfoPlist.strings in Resources */ = {isa = PBXBuildFile; fileRef = 21579FBC18D731E600CDFC7C /* InfoPlist.strings */; };
		21579FC018D731E600CDFC7C /* main.m in Sources */ = {isa = PBXBuildFile; fileRef = 21579FBF18D731E600CDFC7C /* main.m */; };
		21579FC418D731E600CDFC7C /* healthiOAppDelegate.m in Sources */ = {isa = PBXBuildFile; fileRef = 21579FC318D731E600CDFC7C /* healthiOAppDelegate.m */; };
		21579FC718D731E600CDFC7C /* Main.storyboard in Resources */ = {isa = PBXBuildFile; fileRef = 21579FC518D731E600CDFC7C /* Main.storyboard */; };
		21579FCA18D731E600CDFC7C /* healthiOViewController.m in Sources */ = {isa = PBXBuildFile; fileRef = 21579FC918D731E600CDFC7C /* healthiOViewController.m */; };
		21579FCC18D731E600CDFC7C /* Images.xcassets in Resources */ = {isa = PBXBuildFile; fileRef = 21579FCB18D731E600CDFC7C /* Images.xcassets */; };
		21579FD318D731E600CDFC7C /* XCTest.framework in Frameworks */ = {isa = PBXBuildFile; fileRef = 21579FD218D731E600CDFC7C /* XCTest.framework */; };
		21579FD418D731E600CDFC7C /* Foundation.framework in Frameworks */ = {isa = PBXBuildFile; fileRef = 21579FB318D731E600CDFC7C /* Foundation.framework */; };
		21579FD518D731E600CDFC7C /* UIKit.framework in Frameworks */ = {isa = PBXBuildFile; fileRef = 21579FB718D731E600CDFC7C /* UIKit.framework */; };
		21579FDD18D731E600CDFC7C /* InfoPlist.strings in Resources */ = {isa = PBXBuildFile; fileRef = 21579FDB18D731E600CDFC7C /* InfoPlist.strings */; };
		21579FDF18D731E600CDFC7C /* healthiOTests.m in Sources */ = {isa = PBXBuildFile; fileRef = 21579FDE18D731E600CDFC7C /* healthiOTests.m */; };
		21579FEA18D73EDD00CDFC7C /* healthiORegistrationViewController.m in Sources */ = {isa = PBXBuildFile; fileRef = 21579FE918D73EDD00CDFC7C /* healthiORegistrationViewController.m */; };
		21579FED18D73FD700CDFC7C /* healthiOBloodSugarViewController.m in Sources */ = {isa = PBXBuildFile; fileRef = 21579FEC18D73FD700CDFC7C /* healthiOBloodSugarViewController.m */; };
		21579FF018D7417C00CDFC7C /* healthiOBloodPressureViewController.m in Sources */ = {isa = PBXBuildFile; fileRef = 21579FEF18D7417C00CDFC7C /* healthiOBloodPressureViewController.m */; };
		21579FF318D742C500CDFC7C /* healthiOWeightViewController.m in Sources */ = {isa = PBXBuildFile; fileRef = 21579FF218D742C500CDFC7C /* healthiOWeightViewController.m */; };
		21579FF618D7433000CDFC7C /* healthiOHeartRateViewController.m in Sources */ = {isa = PBXBuildFile; fileRef = 21579FF518D7433000CDFC7C /* healthiOHeartRateViewController.m */; };
		21579FF918D7446000CDFC7C /* healthiOJournalViewController.m in Sources */ = {isa = PBXBuildFile; fileRef = 21579FF818D7446000CDFC7C /* healthiOJournalViewController.m */; };
		8630738F18EB162200901DB0 /* bloodPressure.png in Resources */ = {isa = PBXBuildFile; fileRef = 8630738E18EB162200901DB0 /* bloodPressure.png */; };
		8684E94318E61D6500B01BF3 /* bloodPressure.png in Resources */ = {isa = PBXBuildFile; fileRef = 8684E93E18E61D6500B01BF3 /* bloodPressure.png */; };
		8684E94418E61D6500B01BF3 /* bloodSugar.png in Resources */ = {isa = PBXBuildFile; fileRef = 8684E93F18E61D6500B01BF3 /* bloodSugar.png */; };
		8684E94518E61D6500B01BF3 /* heartRate.png in Resources */ = {isa = PBXBuildFile; fileRef = 8684E94018E61D6500B01BF3 /* heartRate.png */; };
		8684E94618E61D6500B01BF3 /* Journal.png in Resources */ = {isa = PBXBuildFile; fileRef = 8684E94118E61D6500B01BF3 /* Journal.png */; };
		8684E94718E61D6500B01BF3 /* weight.png in Resources */ = {isa = PBXBuildFile; fileRef = 8684E94218E61D6500B01BF3 /* weight.png */; };
/* End PBXBuildFile section */

/* Begin PBXContainerItemProxy section */
		21579FD618D731E600CDFC7C /* PBXContainerItemProxy */ = {
			isa = PBXContainerItemProxy;
			containerPortal = 21579FA818D731E600CDFC7C /* Project object */;
			proxyType = 1;
			remoteGlobalIDString = 21579FAF18D731E600CDFC7C;
			remoteInfo = healthiO;
		};
/* End PBXContainerItemProxy section */

/* Begin PBXFileReference section */
		21579FB018D731E600CDFC7C /* healthiO.app */ = {isa = PBXFileReference; explicitFileType = wrapper.application; includeInIndex = 0; path = healthiO.app; sourceTree = BUILT_PRODUCTS_DIR; };
		21579FB318D731E600CDFC7C /* Foundation.framework */ = {isa = PBXFileReference; lastKnownFileType = wrapper.framework; name = Foundation.framework; path = System/Library/Frameworks/Foundation.framework; sourceTree = SDKROOT; };
		21579FB518D731E600CDFC7C /* CoreGraphics.framework */ = {isa = PBXFileReference; lastKnownFileType = wrapper.framework; name = CoreGraphics.framework; path = System/Library/Frameworks/CoreGraphics.framework; sourceTree = SDKROOT; };
		21579FB718D731E600CDFC7C /* UIKit.framework */ = {isa = PBXFileReference; lastKnownFileType = wrapper.framework; name = UIKit.framework; path = System/Library/Frameworks/UIKit.framework; sourceTree = SDKROOT; };
		21579FBB18D731E600CDFC7C /* healthiO-Info.plist */ = {isa = PBXFileReference; lastKnownFileType = text.plist.xml; path = "healthiO-Info.plist"; sourceTree = "<group>"; };
		21579FBD18D731E600CDFC7C /* en */ = {isa = PBXFileReference; lastKnownFileType = text.plist.strings; name = en; path = en.lproj/InfoPlist.strings; sourceTree = "<group>"; };
		21579FBF18D731E600CDFC7C /* main.m */ = {isa = PBXFileReference; lastKnownFileType = sourcecode.c.objc; path = main.m; sourceTree = "<group>"; };
		21579FC118D731E600CDFC7C /* healthiO-Prefix.pch */ = {isa = PBXFileReference; lastKnownFileType = sourcecode.c.h; path = "healthiO-Prefix.pch"; sourceTree = "<group>"; };
		21579FC218D731E600CDFC7C /* healthiOAppDelegate.h */ = {isa = PBXFileReference; lastKnownFileType = sourcecode.c.h; path = healthiOAppDelegate.h; sourceTree = "<group>"; };
		21579FC318D731E600CDFC7C /* healthiOAppDelegate.m */ = {isa = PBXFileReference; lastKnownFileType = sourcecode.c.objc; path = healthiOAppDelegate.m; sourceTree = "<group>"; };
		21579FC618D731E600CDFC7C /* Base */ = {isa = PBXFileReference; lastKnownFileType = file.storyboard; name = Base; path = Base.lproj/Main.storyboard; sourceTree = "<group>"; };
		21579FC818D731E600CDFC7C /* healthiOViewController.h */ = {isa = PBXFileReference; lastKnownFileType = sourcecode.c.h; path = healthiOViewController.h; sourceTree = "<group>"; };
		21579FC918D731E600CDFC7C /* healthiOViewController.m */ = {isa = PBXFileReference; lastKnownFileType = sourcecode.c.objc; path = healthiOViewController.m; sourceTree = "<group>"; };
		21579FCB18D731E600CDFC7C /* Images.xcassets */ = {isa = PBXFileReference; lastKnownFileType = folder.assetcatalog; path = Images.xcassets; sourceTree = "<group>"; };
		21579FD118D731E600CDFC7C /* healthiOTests.xctest */ = {isa = PBXFileReference; explicitFileType = wrapper.cfbundle; includeInIndex = 0; path = healthiOTests.xctest; sourceTree = BUILT_PRODUCTS_DIR; };
		21579FD218D731E600CDFC7C /* XCTest.framework */ = {isa = PBXFileReference; lastKnownFileType = wrapper.framework; name = XCTest.framework; path = Library/Frameworks/XCTest.framework; sourceTree = DEVELOPER_DIR; };
		21579FDA18D731E600CDFC7C /* healthiOTests-Info.plist */ = {isa = PBXFileReference; lastKnownFileType = text.plist.xml; path = "healthiOTests-Info.plist"; sourceTree = "<group>"; };
		21579FDC18D731E600CDFC7C /* en */ = {isa = PBXFileReference; lastKnownFileType = text.plist.strings; name = en; path = en.lproj/InfoPlist.strings; sourceTree = "<group>"; };
		21579FDE18D731E600CDFC7C /* healthiOTests.m */ = {isa = PBXFileReference; lastKnownFileType = sourcecode.c.objc; path = healthiOTests.m; sourceTree = "<group>"; };
		21579FE818D73EDD00CDFC7C /* healthiORegistrationViewController.h */ = {isa = PBXFileReference; fileEncoding = 4; lastKnownFileType = sourcecode.c.h; path = healthiORegistrationViewController.h; sourceTree = "<group>"; };
		21579FE918D73EDD00CDFC7C /* healthiORegistrationViewController.m */ = {isa = PBXFileReference; fileEncoding = 4; lastKnownFileType = sourcecode.c.objc; path = healthiORegistrationViewController.m; sourceTree = "<group>"; };
		21579FEB18D73FD700CDFC7C /* healthiOBloodSugarViewController.h */ = {isa = PBXFileReference; fileEncoding = 4; lastKnownFileType = sourcecode.c.h; path = healthiOBloodSugarViewController.h; sourceTree = "<group>"; };
		21579FEC18D73FD700CDFC7C /* healthiOBloodSugarViewController.m */ = {isa = PBXFileReference; fileEncoding = 4; lastKnownFileType = sourcecode.c.objc; path = healthiOBloodSugarViewController.m; sourceTree = "<group>"; };
		21579FEE18D7417C00CDFC7C /* healthiOBloodPressureViewController.h */ = {isa = PBXFileReference; fileEncoding = 4; lastKnownFileType = sourcecode.c.h; path = healthiOBloodPressureViewController.h; sourceTree = "<group>"; };
		21579FEF18D7417C00CDFC7C /* healthiOBloodPressureViewController.m */ = {isa = PBXFileReference; fileEncoding = 4; lastKnownFileType = sourcecode.c.objc; path = healthiOBloodPressureViewController.m; sourceTree = "<group>"; };
		21579FF118D742C500CDFC7C /* healthiOWeightViewController.h */ = {isa = PBXFileReference; fileEncoding = 4; lastKnownFileType = sourcecode.c.h; path = healthiOWeightViewController.h; sourceTree = "<group>"; };
		21579FF218D742C500CDFC7C /* healthiOWeightViewController.m */ = {isa = PBXFileReference; fileEncoding = 4; lastKnownFileType = sourcecode.c.objc; path = healthiOWeightViewController.m; sourceTree = "<group>"; };
		21579FF418D7433000CDFC7C /* healthiOHeartRateViewController.h */ = {isa = PBXFileReference; fileEncoding = 4; lastKnownFileType = sourcecode.c.h; path = healthiOHeartRateViewController.h; sourceTree = "<group>"; };
		21579FF518D7433000CDFC7C /* healthiOHeartRateViewController.m */ = {isa = PBXFileReference; fileEncoding = 4; lastKnownFileType = sourcecode.c.objc; path = healthiOHeartRateViewController.m; sourceTree = "<group>"; };
		21579FF718D7446000CDFC7C /* healthiOJournalViewController.h */ = {isa = PBXFileReference; fileEncoding = 4; lastKnownFileType = sourcecode.c.h; path = healthiOJournalViewController.h; sourceTree = "<group>"; };
		21579FF818D7446000CDFC7C /* healthiOJournalViewController.m */ = {isa = PBXFileReference; fileEncoding = 4; lastKnownFileType = sourcecode.c.objc; path = healthiOJournalViewController.m; sourceTree = "<group>"; };
		8630738E18EB162200901DB0 /* bloodPressure.png */ = {isa = PBXFileReference; lastKnownFileType = image.png; path = bloodPressure.png; sourceTree = "<group>"; };
		8684E93E18E61D6500B01BF3 /* bloodPressure.png */ = {isa = PBXFileReference; lastKnownFileType = image.png; path = bloodPressure.png; sourceTree = "<group>"; };
		8684E93F18E61D6500B01BF3 /* bloodSugar.png */ = {isa = PBXFileReference; lastKnownFileType = image.png; path = bloodSugar.png; sourceTree = "<group>"; };
		8684E94018E61D6500B01BF3 /* heartRate.png */ = {isa = PBXFileReference; lastKnownFileType = image.png; path = heartRate.png; sourceTree = "<group>"; };
		8684E94118E61D6500B01BF3 /* Journal.png */ = {isa = PBXFileReference; lastKnownFileType = image.png; path = Journal.png; sourceTree = "<group>"; };
		8684E94218E61D6500B01BF3 /* weight.png */ = {isa = PBXFileReference; lastKnownFileType = image.png; path = weight.png; sourceTree = "<group>"; };
/* End PBXFileReference section */

/* Begin PBXFrameworksBuildPhase section */
		21579FAD18D731E600CDFC7C /* Frameworks */ = {
			isa = PBXFrameworksBuildPhase;
			buildActionMask = 2147483647;
			files = (
				21579FB618D731E600CDFC7C /* CoreGraphics.framework in Frameworks */,
				21579FB818D731E600CDFC7C /* UIKit.framework in Frameworks */,
				21579FB418D731E600CDFC7C /* Foundation.framework in Frameworks */,
			);
			runOnlyForDeploymentPostprocessing = 0;
		};
		21579FCE18D731E600CDFC7C /* Frameworks */ = {
			isa = PBXFrameworksBuildPhase;
			buildActionMask = 2147483647;
			files = (
				21579FD318D731E600CDFC7C /* XCTest.framework in Frameworks */,
				21579FD518D731E600CDFC7C /* UIKit.framework in Frameworks */,
				21579FD418D731E600CDFC7C /* Foundation.framework in Frameworks */,
			);
			runOnlyForDeploymentPostprocessing = 0;
		};
/* End PBXFrameworksBuildPhase section */

/* Begin PBXGroup section */
		21579FA718D731E600CDFC7C = {
			isa = PBXGroup;
			children = (
				21579FB918D731E600CDFC7C /* healthiO */,
				21579FD818D731E600CDFC7C /* healthiOTests */,
				21579FB218D731E600CDFC7C /* Frameworks */,
				21579FB118D731E600CDFC7C /* Products */,
				8684E93D18E61D6500B01BF3 /* ICONS */,
			);
			sourceTree = "<group>";
		};
		21579FB118D731E600CDFC7C /* Products */ = {
			isa = PBXGroup;
			children = (
				21579FB018D731E600CDFC7C /* healthiO.app */,
				21579FD118D731E600CDFC7C /* healthiOTests.xctest */,
			);
			name = Products;
			sourceTree = "<group>";
		};
		21579FB218D731E600CDFC7C /* Frameworks */ = {
			isa = PBXGroup;
			children = (
				21579FB318D731E600CDFC7C /* Foundation.framework */,
				21579FB518D731E600CDFC7C /* CoreGraphics.framework */,
				21579FB718D731E600CDFC7C /* UIKit.framework */,
				21579FD218D731E600CDFC7C /* XCTest.framework */,
			);
			name = Frameworks;
			sourceTree = "<group>";
		};
		21579FB918D731E600CDFC7C /* healthiO */ = {
			isa = PBXGroup;
			children = (
				21579FC218D731E600CDFC7C /* healthiOAppDelegate.h */,
				21579FC318D731E600CDFC7C /* healthiOAppDelegate.m */,
				21579FC518D731E600CDFC7C /* Main.storyboard */,
				21579FC818D731E600CDFC7C /* healthiOViewController.h */,
				21579FC918D731E600CDFC7C /* healthiOViewController.m */,
				21579FCB18D731E600CDFC7C /* Images.xcassets */,
				21579FBA18D731E600CDFC7C /* Supporting Files */,
				21579FE818D73EDD00CDFC7C /* healthiORegistrationViewController.h */,
				21579FE918D73EDD00CDFC7C /* healthiORegistrationViewController.m */,
				21579FEB18D73FD700CDFC7C /* healthiOBloodSugarViewController.h */,
				21579FEC18D73FD700CDFC7C /* healthiOBloodSugarViewController.m */,
				21579FEE18D7417C00CDFC7C /* healthiOBloodPressureViewController.h */,
				21579FEF18D7417C00CDFC7C /* healthiOBloodPressureViewController.m */,
				21579FF118D742C500CDFC7C /* healthiOWeightViewController.h */,
				21579FF218D742C500CDFC7C /* healthiOWeightViewController.m */,
				21579FF418D7433000CDFC7C /* healthiOHeartRateViewController.h */,
				21579FF518D7433000CDFC7C /* healthiOHeartRateViewController.m */,
				21579FF718D7446000CDFC7C /* healthiOJournalViewController.h */,
				21579FF818D7446000CDFC7C /* healthiOJournalViewController.m */,
			);
			path = healthiO;
			sourceTree = "<group>";
		};
		21579FBA18D731E600CDFC7C /* Supporting Files */ = {
			isa = PBXGroup;
			children = (
				21579FBB18D731E600CDFC7C /* healthiO-Info.plist */,
				21579FBC18D731E600CDFC7C /* InfoPlist.strings */,
				21579FBF18D731E600CDFC7C /* main.m */,
				21579FC118D731E600CDFC7C /* healthiO-Prefix.pch */,
			);
			name = "Supporting Files";
			sourceTree = "<group>";
		};
		21579FD818D731E600CDFC7C /* healthiOTests */ = {
			isa = PBXGroup;
			children = (
				21579FDE18D731E600CDFC7C /* healthiOTests.m */,
				21579FD918D731E600CDFC7C /* Supporting Files */,
			);
			path = healthiOTests;
			sourceTree = "<group>";
		};
		21579FD918D731E600CDFC7C /* Supporting Files */ = {
			isa = PBXGroup;
			children = (
				21579FDA18D731E600CDFC7C /* healthiOTests-Info.plist */,
				21579FDB18D731E600CDFC7C /* InfoPlist.strings */,
			);
			name = "Supporting Files";
			sourceTree = "<group>";
		};
		8684E93D18E61D6500B01BF3 /* ICONS */ = {
			isa = PBXGroup;
			children = (
				8630738E18EB162200901DB0 /* bloodPressure.png */,
				8684E93E18E61D6500B01BF3 /* bloodPressure.png */,
				8684E93F18E61D6500B01BF3 /* bloodSugar.png */,
				8684E94018E61D6500B01BF3 /* heartRate.png */,
				8684E94118E61D6500B01BF3 /* Journal.png */,
				8684E94218E61D6500B01BF3 /* weight.png */,
			);
			path = ICONS;
			sourceTree = "<group>";
		};
/* End PBXGroup section */

/* Begin PBXNativeTarget section */
		21579FAF18D731E600CDFC7C /* healthiO */ = {
			isa = PBXNativeTarget;
			buildConfigurationList = 21579FE218D731E600CDFC7C /* Build configuration list for PBXNativeTarget "healthiO" */;
			buildPhases = (
				21579FAC18D731E600CDFC7C /* Sources */,
				21579FAD18D731E600CDFC7C /* Frameworks */,
				21579FAE18D731E600CDFC7C /* Resources */,
			);
			buildRules = (
			);
			dependencies = (
			);
			name = healthiO;
			productName = healthiO;
			productReference = 21579FB018D731E600CDFC7C /* healthiO.app */;
			productType = "com.apple.product-type.application";
		};
		21579FD018D731E600CDFC7C /* healthiOTests */ = {
			isa = PBXNativeTarget;
			buildConfigurationList = 21579FE518D731E600CDFC7C /* Build configuration list for PBXNativeTarget "healthiOTests" */;
			buildPhases = (
				21579FCD18D731E600CDFC7C /* Sources */,
				21579FCE18D731E600CDFC7C /* Frameworks */,
				21579FCF18D731E600CDFC7C /* Resources */,
			);
			buildRules = (
			);
			dependencies = (
				21579FD718D731E600CDFC7C /* PBXTargetDependency */,
			);
			name = healthiOTests;
			productName = healthiOTests;
			productReference = 21579FD118D731E600CDFC7C /* healthiOTests.xctest */;
			productType = "com.apple.product-type.bundle.unit-test";
		};
/* End PBXNativeTarget section */

/* Begin PBXProject section */
		21579FA818D731E600CDFC7C /* Project object */ = {
			isa = PBXProject;
			attributes = {
				CLASSPREFIX = healthiO;
				LastUpgradeCheck = 0500;
				ORGANIZATIONNAME = "Bern Dibner Library";
				TargetAttributes = {
					21579FAF18D731E600CDFC7C = {
						DevelopmentTeam = 6QN349HHUB;
					};
					21579FD018D731E600CDFC7C = {
						TestTargetID = 21579FAF18D731E600CDFC7C;
					};
				};
			};
			buildConfigurationList = 21579FAB18D731E600CDFC7C /* Build configuration list for PBXProject "healthiO" */;
			compatibilityVersion = "Xcode 3.2";
			developmentRegion = English;
			hasScannedForEncodings = 0;
			knownRegions = (
				en,
				Base,
			);
			mainGroup = 21579FA718D731E600CDFC7C;
			productRefGroup = 21579FB118D731E600CDFC7C /* Products */;
			projectDirPath = "";
			projectRoot = "";
			targets = (
				21579FAF18D731E600CDFC7C /* healthiO */,
				21579FD018D731E600CDFC7C /* healthiOTests */,
			);
		};
/* End PBXProject section */

/* Begin PBXResourcesBuildPhase section */
		21579FAE18D731E600CDFC7C /* Resources */ = {
			isa = PBXResourcesBuildPhase;
			buildActionMask = 2147483647;
			files = (
				21579FCC18D731E600CDFC7C /* Images.xcassets in Resources */,
				8684E94318E61D6500B01BF3 /* bloodPressure.png in Resources */,
				8630738F18EB162200901DB0 /* bloodPressure.png in Resources */,
				21579FBE18D731E600CDFC7C /* InfoPlist.strings in Resources */,
				8684E94418E61D6500B01BF3 /* bloodSugar.png in Resources */,
				8684E94618E61D6500B01BF3 /* Journal.png in Resources */,
				8684E94718E61D6500B01BF3 /* weight.png in Resources */,
				8684E94518E61D6500B01BF3 /* heartRate.png in Resources */,
				21579FC718D731E600CDFC7C /* Main.storyboard in Resources */,
			);
			runOnlyForDeploymentPostprocessing = 0;
		};
		21579FCF18D731E600CDFC7C /* Resources */ = {
			isa = PBXResourcesBuildPhase;
			buildActionMask = 2147483647;
			files = (
				21579FDD18D731E600CDFC7C /* InfoPlist.strings in Resources */,
			);
			runOnlyForDeploymentPostprocessing = 0;
		};
/* End PBXResourcesBuildPhase section */

/* Begin PBXSourcesBuildPhase section */
		21579FAC18D731E600CDFC7C /* Sources */ = {
			isa = PBXSourcesBuildPhase;
			buildActionMask = 2147483647;
			files = (
				21579FC418D731E600CDFC7C /* healthiOAppDelegate.m in Sources */,
				21579FF318D742C500CDFC7C /* healthiOWeightViewController.m in Sources */,
				21579FC018D731E600CDFC7C /* main.m in Sources */,
				21579FF618D7433000CDFC7C /* healthiOHeartRateViewController.m in Sources */,
				21579FF018D7417C00CDFC7C /* healthiOBloodPressureViewController.m in Sources */,
				21579FF918D7446000CDFC7C /* healthiOJournalViewController.m in Sources */,
				21579FCA18D731E600CDFC7C /* healthiOViewController.m in Sources */,
				21579FED18D73FD700CDFC7C /* healthiOBloodSugarViewController.m in Sources */,
				21579FEA18D73EDD00CDFC7C /* healthiORegistrationViewController.m in Sources */,
			);
			runOnlyForDeploymentPostprocessing = 0;
		};
		21579FCD18D731E600CDFC7C /* Sources */ = {
			isa = PBXSourcesBuildPhase;
			buildActionMask = 2147483647;
			files = (
				21579FDF18D731E600CDFC7C /* healthiOTests.m in Sources */,
			);
			runOnlyForDeploymentPostprocessing = 0;
		};
/* End PBXSourcesBuildPhase section */

/* Begin PBXTargetDependency section */
		21579FD718D731E600CDFC7C /* PBXTargetDependency */ = {
			isa = PBXTargetDependency;
			target = 21579FAF18D731E600CDFC7C /* healthiO */;
			targetProxy = 21579FD618D731E600CDFC7C /* PBXContainerItemProxy */;
		};
/* End PBXTargetDependency section */

/* Begin PBXVariantGroup section */
		21579FBC18D731E600CDFC7C /* InfoPlist.strings */ = {
			isa = PBXVariantGroup;
			children = (
				21579FBD18D731E600CDFC7C /* en */,
			);
			name = InfoPlist.strings;
			sourceTree = "<group>";
		};
		21579FC518D731E600CDFC7C /* Main.storyboard */ = {
			isa = PBXVariantGroup;
			children = (
				21579FC618D731E600CDFC7C /* Base */,
			);
			name = Main.storyboard;
			sourceTree = "<group>";
		};
		21579FDB18D731E600CDFC7C /* InfoPlist.strings */ = {
			isa = PBXVariantGroup;
			children = (
				21579FDC18D731E600CDFC7C /* en */,
			);
			name = InfoPlist.strings;
			sourceTree = "<group>";
		};
/* End PBXVariantGroup section */

/* Begin XCBuildConfiguration section */
		21579FE018D731E600CDFC7C /* Debug */ = {
			isa = XCBuildConfiguration;
			buildSettings = {
				ALWAYS_SEARCH_USER_PATHS = NO;
				ARCHS = "$(ARCHS_STANDARD_INCLUDING_64_BIT)";
				CLANG_CXX_LANGUAGE_STANDARD = "gnu++0x";
				CLANG_CXX_LIBRARY = "libc++";
				CLANG_ENABLE_MODULES = YES;
				CLANG_ENABLE_OBJC_ARC = YES;
				CLANG_WARN_BOOL_CONVERSION = YES;
				CLANG_WARN_CONSTANT_CONVERSION = YES;
				CLANG_WARN_DIRECT_OBJC_ISA_USAGE = YES_ERROR;
				CLANG_WARN_EMPTY_BODY = YES;
				CLANG_WARN_ENUM_CONVERSION = YES;
				CLANG_WARN_INT_CONVERSION = YES;
				CLANG_WARN_OBJC_ROOT_CLASS = YES_ERROR;
				CLANG_WARN__DUPLICATE_METHOD_MATCH = YES;
				"CODE_SIGN_IDENTITY[sdk=iphoneos*]" = "iPhone Developer";
				COPY_PHASE_STRIP = NO;
				GCC_C_LANGUAGE_STANDARD = gnu99;
				GCC_DYNAMIC_NO_PIC = NO;
				GCC_OPTIMIZATION_LEVEL = 0;
				GCC_PREPROCESSOR_DEFINITIONS = (
					"DEBUG=1",
					"$(inherited)",
				);
				GCC_SYMBOLS_PRIVATE_EXTERN = NO;
				GCC_WARN_64_TO_32_BIT_CONVERSION = YES;
				GCC_WARN_ABOUT_RETURN_TYPE = YES_ERROR;
				GCC_WARN_UNDECLARED_SELECTOR = YES;
				GCC_WARN_UNINITIALIZED_AUTOS = YES;
				GCC_WARN_UNUSED_FUNCTION = YES;
				GCC_WARN_UNUSED_VARIABLE = YES;
				IPHONEOS_DEPLOYMENT_TARGET = 7.0;
				ONLY_ACTIVE_ARCH = YES;
				SDKROOT = iphoneos;
			};
			name = Debug;
		};
		21579FE118D731E600CDFC7C /* Release */ = {
			isa = XCBuildConfiguration;
			buildSettings = {
				ALWAYS_SEARCH_USER_PATHS = NO;
				ARCHS = "$(ARCHS_STANDARD_INCLUDING_64_BIT)";
				CLANG_CXX_LANGUAGE_STANDARD = "gnu++0x";
				CLANG_CXX_LIBRARY = "libc++";
				CLANG_ENABLE_MODULES = YES;
				CLANG_ENABLE_OBJC_ARC = YES;
				CLANG_WARN_BOOL_CONVERSION = YES;
				CLANG_WARN_CONSTANT_CONVERSION = YES;
				CLANG_WARN_DIRECT_OBJC_ISA_USAGE = YES_ERROR;
				CLANG_WARN_EMPTY_BODY = YES;
				CLANG_WARN_ENUM_CONVERSION = YES;
				CLANG_WARN_INT_CONVERSION = YES;
				CLANG_WARN_OBJC_ROOT_CLASS = YES_ERROR;
				CLANG_WARN__DUPLICATE_METHOD_MATCH = YES;
				"CODE_SIGN_IDENTITY[sdk=iphoneos*]" = "iPhone Developer";
				COPY_PHASE_STRIP = YES;
				ENABLE_NS_ASSERTIONS = NO;
				GCC_C_LANGUAGE_STANDARD = gnu99;
				GCC_WARN_64_TO_32_BIT_CONVERSION = YES;
				GCC_WARN_ABOUT_RETURN_TYPE = YES_ERROR;
				GCC_WARN_UNDECLARED_SELECTOR = YES;
				GCC_WARN_UNINITIALIZED_AUTOS = YES;
				GCC_WARN_UNUSED_FUNCTION = YES;
				GCC_WARN_UNUSED_VARIABLE = YES;
				IPHONEOS_DEPLOYMENT_TARGET = 7.0;
				SDKROOT = iphoneos;
				VALIDATE_PRODUCT = YES;
			};
			name = Release;
		};
		21579FE318D731E600CDFC7C /* Debug */ = {
			isa = XCBuildConfiguration;
			buildSettings = {
				ASSETCATALOG_COMPILER_APPICON_NAME = AppIcon;
				ASSETCATALOG_COMPILER_LAUNCHIMAGE_NAME = LaunchImage;
				CODE_SIGN_IDENTITY = "iPhone Developer";
				"CODE_SIGN_IDENTITY[sdk=iphoneos*]" = "iPhone Developer";
				GCC_PRECOMPILE_PREFIX_HEADER = YES;
				GCC_PREFIX_HEADER = "healthiO/healthiO-Prefix.pch";
				INFOPLIST_FILE = "healthiO/healthiO-Info.plist";
				IPHONEOS_DEPLOYMENT_TARGET = 7.1;
				PRODUCT_NAME = "$(TARGET_NAME)";
				PROVISIONING_PROFILE = "";
				TARGETED_DEVICE_FAMILY = 1;
				WRAPPER_EXTENSION = app;
			};
			name = Debug;
		};
		21579FE418D731E600CDFC7C /* Release */ = {
			isa = XCBuildConfiguration;
			buildSettings = {
				ASSETCATALOG_COMPILER_APPICON_NAME = AppIcon;
				ASSETCATALOG_COMPILER_LAUNCHIMAGE_NAME = LaunchImage;
				CODE_SIGN_IDENTITY = "iPhone Developer";
				"CODE_SIGN_IDENTITY[sdk=iphoneos*]" = "iPhone Developer";
				GCC_PRECOMPILE_PREFIX_HEADER = YES;
				GCC_PREFIX_HEADER = "healthiO/healthiO-Prefix.pch";
				INFOPLIST_FILE = "healthiO/healthiO-Info.plist";
				IPHONEOS_DEPLOYMENT_TARGET = 7.1;
				PRODUCT_NAME = "$(TARGET_NAME)";
				PROVISIONING_PROFILE = "";
				TARGETED_DEVICE_FAMILY = 1;
				WRAPPER_EXTENSION = app;
			};
			name = Release;
		};
		21579FE618D731E600CDFC7C /* Debug */ = {
			isa = XCBuildConfiguration;
			buildSettings = {
				ARCHS = "$(ARCHS_STANDARD_INCLUDING_64_BIT)";
				BUNDLE_LOADER = "$(BUILT_PRODUCTS_DIR)/healthiO.app/healthiO";
				FRAMEWORK_SEARCH_PATHS = (
					"$(SDKROOT)/Developer/Library/Frameworks",
					"$(inherited)",
					"$(DEVELOPER_FRAMEWORKS_DIR)",
				);
				GCC_PRECOMPILE_PREFIX_HEADER = YES;
				GCC_PREFIX_HEADER = "healthiO/healthiO-Prefix.pch";
				GCC_PREPROCESSOR_DEFINITIONS = (
					"DEBUG=1",
					"$(inherited)",
				);
				INFOPLIST_FILE = "healthiOTests/healthiOTests-Info.plist";
				PRODUCT_NAME = "$(TARGET_NAME)";
				TEST_HOST = "$(BUNDLE_LOADER)";
				WRAPPER_EXTENSION = xctest;
			};
			name = Debug;
		};
		21579FE718D731E600CDFC7C /* Release */ = {
			isa = XCBuildConfiguration;
			buildSettings = {
				ARCHS = "$(ARCHS_STANDARD_INCLUDING_64_BIT)";
				BUNDLE_LOADER = "$(BUILT_PRODUCTS_DIR)/healthiO.app/healthiO";
				FRAMEWORK_SEARCH_PATHS = (
					"$(SDKROOT)/Developer/Library/Frameworks",
					"$(inherited)",
					"$(DEVELOPER_FRAMEWORKS_DIR)",
				);
				GCC_PRECOMPILE_PREFIX_HEADER = YES;
				GCC_PREFIX_HEADER = "healthiO/healthiO-Prefix.pch";
				INFOPLIST_FILE = "healthiOTests/healthiOTests-Info.plist";
				PRODUCT_NAME = "$(TARGET_NAME)";
				TEST_HOST = "$(BUNDLE_LOADER)";
				WRAPPER_EXTENSION = xctest;
			};
			name = Release;
		};
/* End XCBuildConfiguration section */

/* Begin XCConfigurationList section */
		21579FAB18D731E600CDFC7C /* Build configuration list for PBXProject "healthiO" */ = {
			isa = XCConfigurationList;
			buildConfigurations = (
				21579FE018D731E600CDFC7C /* Debug */,
				21579FE118D731E600CDFC7C /* Release */,
			);
			defaultConfigurationIsVisible = 0;
			defaultConfigurationName = Release;
		};
		21579FE218D731E600CDFC7C /* Build configuration list for PBXNativeTarget "healthiO" */ = {
			isa = XCConfigurationList;
			buildConfigurations = (
				21579FE318D731E600CDFC7C /* Debug */,
				21579FE418D731E600CDFC7C /* Release */,
			);
			defaultConfigurationIsVisible = 0;
			defaultConfigurationName = Release;
		};
		21579FE518D731E600CDFC7C /* Build configuration list for PBXNativeTarget "healthiOTests" */ = {
			isa = XCConfigurationList;
			buildConfigurations = (
				21579FE618D731E600CDFC7C /* Debug */,
				21579FE718D731E600CDFC7C /* Release */,
			);
			defaultConfigurationIsVisible = 0;
			defaultConfigurationName = Release;
		};
/* End XCConfigurationList section */
	};
	rootObject = 21579FA818D731E600CDFC7C /* Project object */;
}
